
Microsoft Visual Studio Solution File, Format Version 12.00
# Visual Studio Version 16
VisualStudioVersion = 16.0.30114.105
MinimumVisualStudioVersion = 10.0.40219.1
Project("{FAE04EC0-301F-11D3-BF4B-00C04F79EFBC}") = "DataLayer", "DataLayer\DataLayer.csproj", "{23FD5BA0-9C60-4896-B3DC-B829348CC24E}"
EndProject
Project("{FAE04EC0-301F-11D3-BF4B-00C04F79EFBC}") = "BusinessLogicLayer", "BusinessLogicLayer\BusinessLogicLayer.csproj", "{CB436298-F74F-453B-9116-7344B62E7CDE}"
EndProject
Project("{FAE04EC0-301F-11D3-BF4B-00C04F79EFBC}") = "PresentationLayer", "PresentationLayer\PresentationLayer.csproj", "{C39AABBB-530A-4885-AE21-FDF745D4CCCA}"
EndProject
Global
	GlobalSection(SolutionConfigurationPlatforms) = preSolution
		Debug|Any CPU = Debug|Any CPU
		Release|Any CPU = Release|Any CPU
	EndGlobalSection
	GlobalSection(SolutionProperties) = preSolution
		HideSolutionNode = FALSE
	EndGlobalSection
	GlobalSection(ProjectConfigurationPlatforms) = postSolution
		{7313DED7-0330-48F2-94FB-A2B9154A5E12}.Debug|Any CPU.ActiveCfg = Debug|Any CPU
		{7313DED7-0330-48F2-94FB-A2B9154A5E12}.Debug|Any CPU.Build.0 = Debug|Any CPU
		{7313DED7-0330-48F2-94FB-A2B9154A5E12}.Release|Any CPU.ActiveCfg = Release|Any CPU
		{7313DED7-0330-48F2-94FB-A2B9154A5E12}.Release|Any CPU.Build.0 = Release|Any CPU
		{23908C01-074C-4C27-9166-6709B665E61C}.Debug|Any CPU.ActiveCfg = Debug|Any CPU
		{23908C01-074C-4C27-9166-6709B665E61C}.Debug|Any CPU.Build.0 = Debug|Any CPU
		{23908C01-074C-4C27-9166-6709B665E61C}.Release|Any CPU.ActiveCfg = Release|Any CPU
		{23908C01-074C-4C27-9166-6709B665E61C}.Release|Any CPU.Build.0 = Release|Any CPU
		{23FD5BA0-9C60-4896-B3DC-B829348CC24E}.Debug|Any CPU.ActiveCfg = Debug|Any CPU
		{23FD5BA0-9C60-4896-B3DC-B829348CC24E}.Debug|Any CPU.Build.0 = Debug|Any CPU
		{23FD5BA0-9C60-4896-B3DC-B829348CC24E}.Release|Any CPU.ActiveCfg = Release|Any CPU
		{23FD5BA0-9C60-4896-B3DC-B829348CC24E}.Release|Any CPU.Build.0 = Release|Any CPU
		{CB436298-F74F-453B-9116-7344B62E7CDE}.Debug|Any CPU.ActiveCfg = Debug|Any CPU
		{CB436298-F74F-453B-9116-7344B62E7CDE}.Debug|Any CPU.Build.0 = Debug|Any CPU
		{CB436298-F74F-453B-9116-7344B62E7CDE}.Release|Any CPU.ActiveCfg = Release|Any CPU
		{CB436298-F74F-453B-9116-7344B62E7CDE}.Release|Any CPU.Build.0 = Release|Any CPU
		{C39AABBB-530A-4885-AE21-FDF745D4CCCA}.Debug|Any CPU.ActiveCfg = Debug|Any CPU
		{C39AABBB-530A-4885-AE21-FDF745D4CCCA}.Debug|Any CPU.Build.0 = Debug|Any CPU
		{C39AABBB-530A-4885-AE21-FDF745D4CCCA}.Release|Any CPU.ActiveCfg = Release|Any CPU
		{C39AABBB-530A-4885-AE21-FDF745D4CCCA}.Release|Any CPU.Build.0 = Release|Any CPU
	EndGlobalSection
EndGlobal
